# This file is autogenerated, do not edit; changes may be undone by the next 'dep ensure'.


[[projects]]
  name = "engo.io/ecs"
  packages = ["."]
  revision = "93415f884e1548721dd924f226e0ca901977fbe4"
  version = "v1.0.2"

[[projects]]
  name = "engo.io/engo"
  packages = [".","math"]
  revision = "0bdf23d208d068c9e8f1a7547b6af5dc9083a7e7"
  version = "v1.0.3"

[[projects]]
  name = "engo.io/gl"
  packages = ["."]
  revision = "19ac4a36b5709f9b69c0091df90ee9c1b8c787bf"
  version = "v1.0.3"

[[projects]]
  name = "github.com/Noofbiz/glfwMojaveFix"
  packages = ["."]
  revision = "7c9c843f7008140c6c01eee5f50dd14567d06445"
  version = "v0.0.1"

[[projects]]
  name = "github.com/Noofbiz/sdlMojaveFix"
  packages = ["."]
  revision = "be64a2a84d079ec39067cbcd8972ca5e0769c6f5"
  version = "v0.0.1"

[[projects]]
  name = "github.com/engoengine/math"
  packages = ["."]
  revision = "24dd0f3aa71b1243e6c4f0fce28811c028c2707c"
  version = "v1.0.3"

[[projects]]
  branch = "master"
  name = "github.com/go-gl/gl"
  packages = ["v2.1/gl"]
  revision = "55b76b7df9d25d70b63e31a767f47158292b85d8"

[[projects]]
  branch = "master"
  name = "github.com/go-gl/glfw"
  packages = ["v3.2/glfw"]
  revision = "93b30450e03279f638f2dba4f79488d7c6148ff8"

[[projects]]
  branch = "master"
  name = "github.com/gopherjs/gopherjs"
  packages = ["js"]
  revision = "847fc94819f9d5a4e7154e2203b36f6dbace6f48"

[[projects]]
  name = "github.com/gopherjs/gopherwasm"
  packages = ["js"]
  revision = "f5a54963d451109f20622db5b6a055569ec6b4c6"
  version = "v1.1.0"

[[projects]]
  name = "github.com/veandco/go-sdl2"
  packages = ["sdl"]
  revision = "271d2ec43388932fd2a80f4c2e81021734685a62"
  version = "v0.3"

[[projects]]
  branch = "v3.3"
  name = "github.com/vulkan-go/glfw"
  packages = ["v3.3/glfw"]
  revision = "cac57eedc4a5d00773c5758e84764c0040e1aa28"

[[projects]]
  branch = "master"
  name = "github.com/vulkan-go/vulkan"
  packages = ["."]
  revision = "df48e8cc153843e64eedaf872453d6d07a77dd8c"

[[projects]]
  branch = "master"
  name = "golang.org/x/exp"
  packages = ["shiny/driver/gldriver","shiny/driver/internal/drawer","shiny/driver/internal/errscreen","shiny/driver/internal/event","shiny/driver/internal/lifecycler","shiny/driver/internal/win32","shiny/driver/internal/x11key","shiny/screen"]
  revision = "4b39c73a6495538662b1d2fa1c2eea61046ff476"

[[projects]]
  branch = "master"
  name = "golang.org/x/image"
  packages = ["math/f64"]
  revision = "0694c2d4d067f97ebef574d63a763ee8ab559da7"

[[projects]]
  branch = "master"
  name = "golang.org/x/mobile"
  packages = ["app","app/internal/callfn","asset","event/key","event/lifecycle","event/mouse","event/paint","event/size","event/touch","geom","gl","internal/mobileinit"]
  revision = "a4d62f3683ec09c4d2e7c233aa702477717af4ca"

[[projects]]
  branch = "master"
  name = "golang.org/x/sys"
  packages = ["windows"]
  revision = "fead79001313d15903fb4605b4a1b781532cd93e"

[solve-meta]
  analyzer-name = "dep"
  analyzer-version = 1
  inputs-digest = "93f7f9e46cd1be0eea14cace7da4c237932f4867d749363a7c18269990f28202"
  solver-name = "gps-cdcl"
  solver-version = 1
